
Microsoft Visual Studio Solution File, Format Version 12.00
# Visual Studio 15
VisualStudioVersion = 15.0.28010.2019
MinimumVisualStudioVersion = 10.0.40219.1
Project("{FAE04EC0-301F-11D3-BF4B-00C04F79EFBC}") = "TodoApi", "TodoApi\TodoApi.csproj", "{89AFCA16-9FB3-4980-9564-4435BCC11F96}"
EndProject
Global
	GlobalSection(SolutionConfigurationPlatforms) = preSolution
		Debug|Any CPU = Debug|Any CPU
		Release|Any CPU = Release|Any CPU
	EndGlobalSection
	GlobalSection(ProjectConfigurationPlatforms) = postSolution
		{89AFCA16-9FB3-4980-9564-4435BCC11F96}.Debug|Any CPU.ActiveCfg = Debug|Any CPU
		{89AFCA16-9FB3-4980-9564-4435BCC11F96}.Debug|Any CPU.Build.0 = Debug|Any CPU
		{89AFCA16-9FB3-4980-9564-4435BCC11F96}.Release|Any CPU.ActiveCfg = Release|Any CPU
		{89AFCA16-9FB3-4980-9564-4435BCC11F96}.Release|Any CPU.Build.0 = Release|Any CPU
	EndGlobalSection
	GlobalSection(SolutionProperties) = preSolution
		HideSolutionNode = FALSE
	EndGlobalSection
	GlobalSection(ExtensibilityGlobals) = postSolution
		SolutionGuid = {CC3E89F4-47AC-4ECD-ADCA-31E69FBDE0CD}
	EndGlobalSection
EndGlobal
